
Microsoft Visual Studio Solution File, Format Version 12.00
# Visual Studio Version 17
VisualStudioVersion = 17.14.36518.9 d17.14
MinimumVisualStudioVersion = 10.0.40219.1
Project("{FAE04EC0-301F-11D3-BF4B-00C04F79EFBC}") = "TurmaMaisA", "TurmaMaisA.csproj", "{8E8DED83-189B-4B2C-8DFA-B7E10CB18B91}"
EndProject
Project("{FAE04EC0-301F-11D3-BF4B-00C04F79EFBC}") = "TurmaMaisA.Test", "..\TurmaMaisA.Test\TurmaMaisA.Test.csproj", "{429477F0-0D78-414E-BE15-1C57D6820034}"
EndProject
Global
	GlobalSection(SolutionConfigurationPlatforms) = preSolution
		Debug|Any CPU = Debug|Any CPU
		Release|Any CPU = Release|Any CPU
	EndGlobalSection
	GlobalSection(ProjectConfigurationPlatforms) = postSolution
		{8E8DED83-189B-4B2C-8DFA-B7E10CB18B91}.Debug|Any CPU.ActiveCfg = Debug|Any CPU
		{8E8DED83-189B-4B2C-8DFA-B7E10CB18B91}.Debug|Any CPU.Build.0 = Debug|Any CPU
		{8E8DED83-189B-4B2C-8DFA-B7E10CB18B91}.Release|Any CPU.ActiveCfg = Release|Any CPU
		{8E8DED83-189B-4B2C-8DFA-B7E10CB18B91}.Release|Any CPU.Build.0 = Release|Any CPU
		{429477F0-0D78-414E-BE15-1C57D6820034}.Debug|Any CPU.ActiveCfg = Debug|Any CPU
		{429477F0-0D78-414E-BE15-1C57D6820034}.Debug|Any CPU.Build.0 = Debug|Any CPU
		{429477F0-0D78-414E-BE15-1C57D6820034}.Release|Any CPU.ActiveCfg = Release|Any CPU
		{429477F0-0D78-414E-BE15-1C57D6820034}.Release|Any CPU.Build.0 = Release|Any CPU
	EndGlobalSection
	GlobalSection(SolutionProperties) = preSolution
		HideSolutionNode = FALSE
	EndGlobalSection
	GlobalSection(ExtensibilityGlobals) = postSolution
		SolutionGuid = {8B8F9B03-C462-4732-871D-4DC60835251F}
	EndGlobalSection
EndGlobal
